// !$*UTF8*$!
{
	archiveVersion = 1;
	classes = {
	};
	objectVersion = 46;
	objects = {

/* Begin PBXBuildFile section */
		DFB364581B595FBA0014CA9B /* AppDelegate.swift in Sources */ = {isa = PBXBuildFile; fileRef = DFB364571B595FBA0014CA9B /* AppDelegate.swift */; };
		DFB3645A1B595FBA0014CA9B /* ViewController.swift in Sources */ = {isa = PBXBuildFile; fileRef = DFB364591B595FBA0014CA9B /* ViewController.swift */; };
		DFB3645D1B595FBA0014CA9B /* Main.storyboard in Resources */ = {isa = PBXBuildFile; fileRef = DFB3645B1B595FBA0014CA9B /* Main.storyboard */; };
		DFB3645F1B595FBA0014CA9B /* Images.xcassets in Resources */ = {isa = PBXBuildFile; fileRef = DFB3645E1B595FBA0014CA9B /* Images.xcassets */; };
		DFB364621B595FBA0014CA9B /* LaunchScreen.xib in Resources */ = {isa = PBXBuildFile; fileRef = DFB364601B595FBA0014CA9B /* LaunchScreen.xib */; };
		DFB3646E1B595FBB0014CA9B /* wedriveTests.swift in Sources */ = {isa = PBXBuildFile; fileRef = DFB3646D1B595FBB0014CA9B /* wedriveTests.swift */; };
		DFB364781B5963CF0014CA9B /* signupVC.swift in Sources */ = {isa = PBXBuildFile; fileRef = DFB364771B5963CF0014CA9B /* signupVC.swift */; };
		DFB3647A1B59644A0014CA9B /* person-placeholder.jpg in Resources */ = {isa = PBXBuildFile; fileRef = DFB364791B59644A0014CA9B /* person-placeholder.jpg */; };
		DFB3647D1B59652C0014CA9B /* Bolts.framework in Frameworks */ = {isa = PBXBuildFile; fileRef = DFB3647B1B59652C0014CA9B /* Bolts.framework */; };
		DFB3647E1B59652C0014CA9B /* Parse.framework in Frameworks */ = {isa = PBXBuildFile; fileRef = DFB3647C1B59652C0014CA9B /* Parse.framework */; };
		DFB364801B59654A0014CA9B /* AudioToolbox.framework in Frameworks */ = {isa = PBXBuildFile; fileRef = DFB3647F1B59654A0014CA9B /* AudioToolbox.framework */; };
		DFB364821B5965530014CA9B /* CFNetwork.framework in Frameworks */ = {isa = PBXBuildFile; fileRef = DFB364811B5965530014CA9B /* CFNetwork.framework */; };
		DFB364841B5965620014CA9B /* CoreGraphics.framework in Frameworks */ = {isa = PBXBuildFile; fileRef = DFB364831B5965620014CA9B /* CoreGraphics.framework */; };
		DFB364861B59656B0014CA9B /* CoreLocation.framework in Frameworks */ = {isa = PBXBuildFile; fileRef = DFB364851B59656B0014CA9B /* CoreLocation.framework */; };
		DFB364881B5965730014CA9B /* libz.dylib in Frameworks */ = {isa = PBXBuildFile; fileRef = DFB364871B5965730014CA9B /* libz.dylib */; };
		DFB3648A1B59657E0014CA9B /* MobileCoreServices.framework in Frameworks */ = {isa = PBXBuildFile; fileRef = DFB364891B59657E0014CA9B /* MobileCoreServices.framework */; };
		DFB3648C1B5965870014CA9B /* QuartzCore.framework in Frameworks */ = {isa = PBXBuildFile; fileRef = DFB3648B1B5965870014CA9B /* QuartzCore.framework */; };
		DFB3648E1B59658F0014CA9B /* Security.framework in Frameworks */ = {isa = PBXBuildFile; fileRef = DFB3648D1B59658F0014CA9B /* Security.framework */; };
		DFB364901B5965980014CA9B /* StoreKit.framework in Frameworks */ = {isa = PBXBuildFile; fileRef = DFB3648F1B5965980014CA9B /* StoreKit.framework */; };
		DFB364921B5965A30014CA9B /* SystemConfiguration.framework in Frameworks */ = {isa = PBXBuildFile; fileRef = DFB364911B5965A30014CA9B /* SystemConfiguration.framework */; };
		DFB364941B59674C0014CA9B /* libsqlite3.dylib in Frameworks */ = {isa = PBXBuildFile; fileRef = DFB364931B59674C0014CA9B /* libsqlite3.dylib */; };
		DFB364981B5967AF0014CA9B /* weDriveHeader.m in Sources */ = {isa = PBXBuildFile; fileRef = DFB364971B5967AF0014CA9B /* weDriveHeader.m */; };
/* End PBXBuildFile section */

/* Begin PBXContainerItemProxy section */
		DFB364681B595FBB0014CA9B /* PBXContainerItemProxy */ = {
			isa = PBXContainerItemProxy;
			containerPortal = DFB3644A1B595FBA0014CA9B /* Project object */;
			proxyType = 1;
			remoteGlobalIDString = DFB364511B595FBA0014CA9B;
			remoteInfo = wedrive;
		};
/* End PBXContainerItemProxy section */

/* Begin PBXFileReference section */
		DFB364521B595FBA0014CA9B /* wedrive.app */ = {isa = PBXFileReference; explicitFileType = wrapper.application; includeInIndex = 0; path = wedrive.app; sourceTree = BUILT_PRODUCTS_DIR; };
		DFB364561B595FBA0014CA9B /* Info.plist */ = {isa = PBXFileReference; lastKnownFileType = text.plist.xml; path = Info.plist; sourceTree = "<group>"; };
		DFB364571B595FBA0014CA9B /* AppDelegate.swift */ = {isa = PBXFileReference; lastKnownFileType = sourcecode.swift; path = AppDelegate.swift; sourceTree = "<group>"; };
		DFB364591B595FBA0014CA9B /* ViewController.swift */ = {isa = PBXFileReference; lastKnownFileType = sourcecode.swift; path = ViewController.swift; sourceTree = "<group>"; };
		DFB3645C1B595FBA0014CA9B /* Base */ = {isa = PBXFileReference; lastKnownFileType = file.storyboard; name = Base; path = Base.lproj/Main.storyboard; sourceTree = "<group>"; };
		DFB3645E1B595FBA0014CA9B /* Images.xcassets */ = {isa = PBXFileReference; lastKnownFileType = folder.assetcatalog; path = Images.xcassets; sourceTree = "<group>"; };
		DFB364611B595FBA0014CA9B /* Base */ = {isa = PBXFileReference; lastKnownFileType = file.xib; name = Base; path = Base.lproj/LaunchScreen.xib; sourceTree = "<group>"; };
		DFB364671B595FBB0014CA9B /* wedriveTests.xctest */ = {isa = PBXFileReference; explicitFileType = wrapper.cfbundle; includeInIndex = 0; path = wedriveTests.xctest; sourceTree = BUILT_PRODUCTS_DIR; };
		DFB3646C1B595FBB0014CA9B /* Info.plist */ = {isa = PBXFileReference; lastKnownFileType = text.plist.xml; path = Info.plist; sourceTree = "<group>"; };
		DFB3646D1B595FBB0014CA9B /* wedriveTests.swift */ = {isa = PBXFileReference; lastKnownFileType = sourcecode.swift; path = wedriveTests.swift; sourceTree = "<group>"; };
		DFB364771B5963CF0014CA9B /* signupVC.swift */ = {isa = PBXFileReference; fileEncoding = 4; lastKnownFileType = sourcecode.swift; path = signupVC.swift; sourceTree = "<group>"; };
		DFB364791B59644A0014CA9B /* person-placeholder.jpg */ = {isa = PBXFileReference; lastKnownFileType = image.jpeg; name = "person-placeholder.jpg"; path = "../../../../Downloads/person-placeholder.jpg"; sourceTree = "<group>"; };
		DFB3647B1B59652C0014CA9B /* Bolts.framework */ = {isa = PBXFileReference; lastKnownFileType = wrapper.framework; path = Bolts.framework; sourceTree = "<group>"; };
		DFB3647C1B59652C0014CA9B /* Parse.framework */ = {isa = PBXFileReference; lastKnownFileType = wrapper.framework; path = Parse.framework; sourceTree = "<group>"; };
		DFB3647F1B59654A0014CA9B /* AudioToolbox.framework */ = {isa = PBXFileReference; lastKnownFileType = wrapper.framework; name = AudioToolbox.framework; path = System/Library/Frameworks/AudioToolbox.framework; sourceTree = SDKROOT; };
		DFB364811B5965530014CA9B /* CFNetwork.framework */ = {isa = PBXFileReference; lastKnownFileType = wrapper.framework; name = CFNetwork.framework; path = System/Library/Frameworks/CFNetwork.framework; sourceTree = SDKROOT; };
		DFB364831B5965620014CA9B /* CoreGraphics.framework */ = {isa = PBXFileReference; lastKnownFileType = wrapper.framework; name = CoreGraphics.framework; path = System/Library/Frameworks/CoreGraphics.framework; sourceTree = SDKROOT; };
		DFB364851B59656B0014CA9B /* CoreLocation.framework */ = {isa = PBXFileReference; lastKnownFileType = wrapper.framework; name = CoreLocation.framework; path = System/Library/Frameworks/CoreLocation.framework; sourceTree = SDKROOT; };
		DFB364871B5965730014CA9B /* libz.dylib */ = {isa = PBXFileReference; lastKnownFileType = "compiled.mach-o.dylib"; name = libz.dylib; path = usr/lib/libz.dylib; sourceTree = SDKROOT; };
		DFB364891B59657E0014CA9B /* MobileCoreServices.framework */ = {isa = PBXFileReference; lastKnownFileType = wrapper.framework; name = MobileCoreServices.framework; path = System/Library/Frameworks/MobileCoreServices.framework; sourceTree = SDKROOT; };
		DFB3648B1B5965870014CA9B /* QuartzCore.framework */ = {isa = PBXFileReference; lastKnownFileType = wrapper.framework; name = QuartzCore.framework; path = System/Library/Frameworks/QuartzCore.framework; sourceTree = SDKROOT; };
		DFB3648D1B59658F0014CA9B /* Security.framework */ = {isa = PBXFileReference; lastKnownFileType = wrapper.framework; name = Security.framework; path = System/Library/Frameworks/Security.framework; sourceTree = SDKROOT; };
		DFB3648F1B5965980014CA9B /* StoreKit.framework */ = {isa = PBXFileReference; lastKnownFileType = wrapper.framework; name = StoreKit.framework; path = System/Library/Frameworks/StoreKit.framework; sourceTree = SDKROOT; };
		DFB364911B5965A30014CA9B /* SystemConfiguration.framework */ = {isa = PBXFileReference; lastKnownFileType = wrapper.framework; name = SystemConfiguration.framework; path = System/Library/Frameworks/SystemConfiguration.framework; sourceTree = SDKROOT; };
		DFB364931B59674C0014CA9B /* libsqlite3.dylib */ = {isa = PBXFileReference; lastKnownFileType = "compiled.mach-o.dylib"; name = libsqlite3.dylib; path = usr/lib/libsqlite3.dylib; sourceTree = SDKROOT; };
		DFB364961B5967AE0014CA9B /* wedrive-Bridging-Header.h */ = {isa = PBXFileReference; lastKnownFileType = sourcecode.c.h; path = "wedrive-Bridging-Header.h"; sourceTree = "<group>"; };
		DFB364971B5967AF0014CA9B /* weDriveHeader.m */ = {isa = PBXFileReference; fileEncoding = 4; lastKnownFileType = sourcecode.c.objc; path = weDriveHeader.m; sourceTree = "<group>"; };
/* End PBXFileReference section */

/* Begin PBXFrameworksBuildPhase section */
		DFB3644F1B595FBA0014CA9B /* Frameworks */ = {
			isa = PBXFrameworksBuildPhase;
			buildActionMask = 2147483647;
			files = (
				DFB364941B59674C0014CA9B /* libsqlite3.dylib in Frameworks */,
				DFB364921B5965A30014CA9B /* SystemConfiguration.framework in Frameworks */,
				DFB364901B5965980014CA9B /* StoreKit.framework in Frameworks */,
				DFB3648E1B59658F0014CA9B /* Security.framework in Frameworks */,
				DFB3648C1B5965870014CA9B /* QuartzCore.framework in Frameworks */,
				DFB3648A1B59657E0014CA9B /* MobileCoreServices.framework in Frameworks */,
				DFB364881B5965730014CA9B /* libz.dylib in Frameworks */,
				DFB364861B59656B0014CA9B /* CoreLocation.framework in Frameworks */,
				DFB364841B5965620014CA9B /* CoreGraphics.framework in Frameworks */,
				DFB364821B5965530014CA9B /* CFNetwork.framework in Frameworks */,
				DFB364801B59654A0014CA9B /* AudioToolbox.framework in Frameworks */,
				DFB3647E1B59652C0014CA9B /* Parse.framework in Frameworks */,
				DFB3647D1B59652C0014CA9B /* Bolts.framework in Frameworks */,
			);
			runOnlyForDeploymentPostprocessing = 0;
		};
		DFB364641B595FBB0014CA9B /* Frameworks */ = {
			isa = PBXFrameworksBuildPhase;
			buildActionMask = 2147483647;
			files = (
			);
			runOnlyForDeploymentPostprocessing = 0;
		};
/* End PBXFrameworksBuildPhase section */

/* Begin PBXGroup section */
		DFB364491B595FBA0014CA9B = {
			isa = PBXGroup;
			children = (
				DFB364951B5967760014CA9B /* Frameworks */,
				DFB364541B595FBA0014CA9B /* wedrive */,
				DFB3646A1B595FBB0014CA9B /* wedriveTests */,
				DFB364531B595FBA0014CA9B /* Products */,
			);
			sourceTree = "<group>";
		};
		DFB364531B595FBA0014CA9B /* Products */ = {
			isa = PBXGroup;
			children = (
				DFB364521B595FBA0014CA9B /* wedrive.app */,
				DFB364671B595FBB0014CA9B /* wedriveTests.xctest */,
			);
			name = Products;
			sourceTree = "<group>";
		};
		DFB364541B595FBA0014CA9B /* wedrive */ = {
			isa = PBXGroup;
			children = (
				DFB364571B595FBA0014CA9B /* AppDelegate.swift */,
				DFB364591B595FBA0014CA9B /* ViewController.swift */,
				DFB3645B1B595FBA0014CA9B /* Main.storyboard */,
				DFB3645E1B595FBA0014CA9B /* Images.xcassets */,
				DFB364601B595FBA0014CA9B /* LaunchScreen.xib */,
				DFB364551B595FBA0014CA9B /* Supporting Files */,
				DFB364771B5963CF0014CA9B /* signupVC.swift */,
				DFB364971B5967AF0014CA9B /* weDriveHeader.m */,
				DFB364961B5967AE0014CA9B /* wedrive-Bridging-Header.h */,
			);
			path = wedrive;
			sourceTree = "<group>";
		};
		DFB364551B595FBA0014CA9B /* Supporting Files */ = {
			isa = PBXGroup;
			children = (
				DFB364791B59644A0014CA9B /* person-placeholder.jpg */,
				DFB364561B595FBA0014CA9B /* Info.plist */,
			);
			name = "Supporting Files";
			sourceTree = "<group>";
		};
		DFB3646A1B595FBB0014CA9B /* wedriveTests */ = {
			isa = PBXGroup;
			children = (
				DFB3646D1B595FBB0014CA9B /* wedriveTests.swift */,
				DFB3646B1B595FBB0014CA9B /* Supporting Files */,
			);
			path = wedriveTests;
			sourceTree = "<group>";
		};
		DFB3646B1B595FBB0014CA9B /* Supporting Files */ = {
			isa = PBXGroup;
			children = (
				DFB3646C1B595FBB0014CA9B /* Info.plist */,
			);
			name = "Supporting Files";
			sourceTree = "<group>";
		};
		DFB364951B5967760014CA9B /* Frameworks */ = {
			isa = PBXGroup;
			children = (
				DFB364931B59674C0014CA9B /* libsqlite3.dylib */,
				DFB364911B5965A30014CA9B /* SystemConfiguration.framework */,
				DFB3648F1B5965980014CA9B /* StoreKit.framework */,
				DFB3648D1B59658F0014CA9B /* Security.framework */,
				DFB3648B1B5965870014CA9B /* QuartzCore.framework */,
				DFB364891B59657E0014CA9B /* MobileCoreServices.framework */,
				DFB364871B5965730014CA9B /* libz.dylib */,
				DFB364851B59656B0014CA9B /* CoreLocation.framework */,
				DFB364831B5965620014CA9B /* CoreGraphics.framework */,
				DFB364811B5965530014CA9B /* CFNetwork.framework */,
				DFB3647F1B59654A0014CA9B /* AudioToolbox.framework */,
				DFB3647B1B59652C0014CA9B /* Bolts.framework */,
				DFB3647C1B59652C0014CA9B /* Parse.framework */,
			);
			name = Frameworks;
			sourceTree = "<group>";
		};
/* End PBXGroup section */

/* Begin PBXNativeTarget section */
		DFB364511B595FBA0014CA9B /* wedrive */ = {
			isa = PBXNativeTarget;
			buildConfigurationList = DFB364711B595FBB0014CA9B /* Build configuration list for PBXNativeTarget "wedrive" */;
			buildPhases = (
				DFB3644E1B595FBA0014CA9B /* Sources */,
				DFB3644F1B595FBA0014CA9B /* Frameworks */,
				DFB364501B595FBA0014CA9B /* Resources */,
			);
			buildRules = (
			);
			dependencies = (
			);
			name = wedrive;
			productName = wedrive;
			productReference = DFB364521B595FBA0014CA9B /* wedrive.app */;
			productType = "com.apple.product-type.application";
		};
		DFB364661B595FBB0014CA9B /* wedriveTests */ = {
			isa = PBXNativeTarget;
			buildConfigurationList = DFB364741B595FBB0014CA9B /* Build configuration list for PBXNativeTarget "wedriveTests" */;
			buildPhases = (
				DFB364631B595FBB0014CA9B /* Sources */,
				DFB364641B595FBB0014CA9B /* Frameworks */,
				DFB364651B595FBB0014CA9B /* Resources */,
			);
			buildRules = (
			);
			dependencies = (
				DFB364691B595FBB0014CA9B /* PBXTargetDependency */,
			);
			name = wedriveTests;
			productName = wedriveTests;
			productReference = DFB364671B595FBB0014CA9B /* wedriveTests.xctest */;
			productType = "com.apple.product-type.bundle.unit-test";
		};
/* End PBXNativeTarget section */

/* Begin PBXProject section */
		DFB3644A1B595FBA0014CA9B /* Project object */ = {
			isa = PBXProject;
			attributes = {
				LastUpgradeCheck = 0640;
				ORGANIZATIONNAME = "Manab Chetia";
				TargetAttributes = {
					DFB364511B595FBA0014CA9B = {
						CreatedOnToolsVersion = 6.4;
					};
					DFB364661B595FBB0014CA9B = {
						CreatedOnToolsVersion = 6.4;
						TestTargetID = DFB364511B595FBA0014CA9B;
					};
				};
			};
			buildConfigurationList = DFB3644D1B595FBA0014CA9B /* Build configuration list for PBXProject "wedrive" */;
			compatibilityVersion = "Xcode 3.2";
			developmentRegion = English;
			hasScannedForEncodings = 0;
			knownRegions = (
				en,
				Base,
			);
			mainGroup = DFB364491B595FBA0014CA9B;
			productRefGroup = DFB364531B595FBA0014CA9B /* Products */;
			projectDirPath = "";
			projectRoot = "";
			targets = (
				DFB364511B595FBA0014CA9B /* wedrive */,
				DFB364661B595FBB0014CA9B /* wedriveTests */,
			);
		};
/* End PBXProject section */

/* Begin PBXResourcesBuildPhase section */
		DFB364501B595FBA0014CA9B /* Resources */ = {
			isa = PBXResourcesBuildPhase;
			buildActionMask = 2147483647;
			files = (
				DFB3647A1B59644A0014CA9B /* person-placeholder.jpg in Resources */,
				DFB3645D1B595FBA0014CA9B /* Main.storyboard in Resources */,
				DFB364621B595FBA0014CA9B /* LaunchScreen.xib in Resources */,
				DFB3645F1B595FBA0014CA9B /* Images.xcassets in Resources */,
			);
			runOnlyForDeploymentPostprocessing = 0;
		};
		DFB364651B595FBB0014CA9B /* Resources */ = {
			isa = PBXResourcesBuildPhase;
			buildActionMask = 2147483647;
			files = (
			);
			runOnlyForDeploymentPostprocessing = 0;
		};
/* End PBXResourcesBuildPhase section */

/* Begin PBXSourcesBuildPhase section */
		DFB3644E1B595FBA0014CA9B /* Sources */ = {
			isa = PBXSourcesBuildPhase;
			buildActionMask = 2147483647;
			files = (
				DFB3645A1B595FBA0014CA9B /* ViewController.swift in Sources */,
				DFB364981B5967AF0014CA9B /* weDriveHeader.m in Sources */,
				DFB364581B595FBA0014CA9B /* AppDelegate.swift in Sources */,
				DFB364781B5963CF0014CA9B /* signupVC.swift in Sources */,
			);
			runOnlyForDeploymentPostprocessing = 0;
		};
		DFB364631B595FBB0014CA9B /* Sources */ = {
			isa = PBXSourcesBuildPhase;
			buildActionMask = 2147483647;
			files = (
				DFB3646E1B595FBB0014CA9B /* wedriveTests.swift in Sources */,
			);
			runOnlyForDeploymentPostprocessing = 0;
		};
/* End PBXSourcesBuildPhase section */

/* Begin PBXTargetDependency section */
		DFB364691B595FBB0014CA9B /* PBXTargetDependency */ = {
			isa = PBXTargetDependency;
			target = DFB364511B595FBA0014CA9B /* wedrive */;
			targetProxy = DFB364681B595FBB0014CA9B /* PBXContainerItemProxy */;
		};
/* End PBXTargetDependency section */

/* Begin PBXVariantGroup section */
		DFB3645B1B595FBA0014CA9B /* Main.storyboard */ = {
			isa = PBXVariantGroup;
			children = (
				DFB3645C1B595FBA0014CA9B /* Base */,
			);
			name = Main.storyboard;
			sourceTree = "<group>";
		};
		DFB364601B595FBA0014CA9B /* LaunchScreen.xib */ = {
			isa = PBXVariantGroup;
			children = (
				DFB364611B595FBA0014CA9B /* Base */,
			);
			name = LaunchScreen.xib;
			sourceTree = "<group>";
		};
/* End PBXVariantGroup section */

/* Begin XCBuildConfiguration section */
		DFB3646F1B595FBB0014CA9B /* Debug */ = {
			isa = XCBuildConfiguration;
			buildSettings = {
				ALWAYS_SEARCH_USER_PATHS = NO;
				CLANG_CXX_LANGUAGE_STANDARD = "gnu++0x";
				CLANG_CXX_LIBRARY = "libc++";
				CLANG_ENABLE_MODULES = YES;
				CLANG_ENABLE_OBJC_ARC = YES;
				CLANG_WARN_BOOL_CONVERSION = YES;
				CLANG_WARN_CONSTANT_CONVERSION = YES;
				CLANG_WARN_DIRECT_OBJC_ISA_USAGE = YES_ERROR;
				CLANG_WARN_EMPTY_BODY = YES;
				CLANG_WARN_ENUM_CONVERSION = YES;
				CLANG_WARN_INT_CONVERSION = YES;
				CLANG_WARN_OBJC_ROOT_CLASS = YES_ERROR;
				CLANG_WARN_UNREACHABLE_CODE = YES;
				CLANG_WARN__DUPLICATE_METHOD_MATCH = YES;
				"CODE_SIGN_IDENTITY[sdk=iphoneos*]" = "iPhone Developer";
				COPY_PHASE_STRIP = NO;
				DEBUG_INFORMATION_FORMAT = "dwarf-with-dsym";
				ENABLE_STRICT_OBJC_MSGSEND = YES;
				GCC_C_LANGUAGE_STANDARD = gnu99;
				GCC_DYNAMIC_NO_PIC = NO;
				GCC_NO_COMMON_BLOCKS = YES;
				GCC_OPTIMIZATION_LEVEL = 0;
				GCC_PREPROCESSOR_DEFINITIONS = (
					"DEBUG=1",
					"$(inherited)",
				);
				GCC_SYMBOLS_PRIVATE_EXTERN = NO;
				GCC_WARN_64_TO_32_BIT_CONVERSION = YES;
				GCC_WARN_ABOUT_RETURN_TYPE = YES_ERROR;
				GCC_WARN_UNDECLARED_SELECTOR = YES;
				GCC_WARN_UNINITIALIZED_AUTOS = YES_AGGRESSIVE;
				GCC_WARN_UNUSED_FUNCTION = YES;
				GCC_WARN_UNUSED_VARIABLE = YES;
				IPHONEOS_DEPLOYMENT_TARGET = 8.4;
				MTL_ENABLE_DEBUG_INFO = YES;
				ONLY_ACTIVE_ARCH = YES;
				SDKROOT = iphoneos;
				SWIFT_OPTIMIZATION_LEVEL = "-Onone";
				TARGETED_DEVICE_FAMILY = "1,2";
			};
			name = Debug;
		};
		DFB364701B595FBB0014CA9B /* Release */ = {
			isa = XCBuildConfiguration;
			buildSettings = {
				ALWAYS_SEARCH_USER_PATHS = NO;
				CLANG_CXX_LANGUAGE_STANDARD = "gnu++0x";
				CLANG_CXX_LIBRARY = "libc++";
				CLANG_ENABLE_MODULES = YES;
				CLANG_ENABLE_OBJC_ARC = YES;
				CLANG_WARN_BOOL_CONVERSION = YES;
				CLANG_WARN_CONSTANT_CONVERSION = YES;
				CLANG_WARN_DIRECT_OBJC_ISA_USAGE = YES_ERROR;
				CLANG_WARN_EMPTY_BODY = YES;
				CLANG_WARN_ENUM_CONVERSION = YES;
				CLANG_WARN_INT_CONVERSION = YES;
				CLANG_WARN_OBJC_ROOT_CLASS = YES_ERROR;
				CLANG_WARN_UNREACHABLE_CODE = YES;
				CLANG_WARN__DUPLICATE_METHOD_MATCH = YES;
				"CODE_SIGN_IDENTITY[sdk=iphoneos*]" = "iPhone Developer";
				COPY_PHASE_STRIP = NO;
				DEBUG_INFORMATION_FORMAT = "dwarf-with-dsym";
				ENABLE_NS_ASSERTIONS = NO;
				ENABLE_STRICT_OBJC_MSGSEND = YES;
				GCC_C_LANGUAGE_STANDARD = gnu99;
				GCC_NO_COMMON_BLOCKS = YES;
				GCC_WARN_64_TO_32_BIT_CONVERSION = YES;
				GCC_WARN_ABOUT_RETURN_TYPE = YES_ERROR;
				GCC_WARN_UNDECLARED_SELECTOR = YES;
				GCC_WARN_UNINITIALIZED_AUTOS = YES_AGGRESSIVE;
				GCC_WARN_UNUSED_FUNCTION = YES;
				GCC_WARN_UNUSED_VARIABLE = YES;
				IPHONEOS_DEPLOYMENT_TARGET = 8.4;
				MTL_ENABLE_DEBUG_INFO = NO;
				SDKROOT = iphoneos;
				TARGETED_DEVICE_FAMILY = "1,2";
				VALIDATE_PRODUCT = YES;
			};
			name = Release;
		};
		DFB364721B595FBB0014CA9B /* Debug */ = {
			isa = XCBuildConfiguration;
			buildSettings = {
				ASSETCATALOG_COMPILER_APPICON_NAME = AppIcon;
				CLANG_ENABLE_MODULES = YES;
				FRAMEWORK_SEARCH_PATHS = (
					"$(inherited)",
					"$(PROJECT_DIR)",
				);
				INFOPLIST_FILE = wedrive/Info.plist;
				LD_RUNPATH_SEARCH_PATHS = "$(inherited) @executable_path/Frameworks";
				PRODUCT_NAME = "$(TARGET_NAME)";
				SWIFT_OBJC_BRIDGING_HEADER = "wedrive/wedrive-Bridging-Header.h";
				SWIFT_OPTIMIZATION_LEVEL = "-Onone";
			};
			name = Debug;
		};
		DFB364731B595FBB0014CA9B /* Release */ = {
			isa = XCBuildConfiguration;
			buildSettings = {
				ASSETCATALOG_COMPILER_APPICON_NAME = AppIcon;
				CLANG_ENABLE_MODULES = YES;
				FRAMEWORK_SEARCH_PATHS = (
					"$(inherited)",
					"$(PROJECT_DIR)",
				);
				INFOPLIST_FILE = wedrive/Info.plist;
				LD_RUNPATH_SEARCH_PATHS = "$(inherited) @executable_path/Frameworks";
				PRODUCT_NAME = "$(TARGET_NAME)";
				SWIFT_OBJC_BRIDGING_HEADER = "wedrive/wedrive-Bridging-Header.h";
			};
			name = Release;
		};
		DFB364751B595FBB0014CA9B /* Debug */ = {
			isa = XCBuildConfiguration;
			buildSettings = {
				BUNDLE_LOADER = "$(TEST_HOST)";
				FRAMEWORK_SEARCH_PATHS = (
					"$(SDKROOT)/Developer/Library/Frameworks",
					"$(inherited)",
				);
				GCC_PREPROCESSOR_DEFINITIONS = (
					"DEBUG=1",
					"$(inherited)",
				);
				INFOPLIST_FILE = wedriveTests/Info.plist;
				LD_RUNPATH_SEARCH_PATHS = "$(inherited) @executable_path/Frameworks @loader_path/Frameworks";
				PRODUCT_NAME = "$(TARGET_NAME)";
				TEST_HOST = "$(BUILT_PRODUCTS_DIR)/wedrive.app/wedrive";
			};
			name = Debug;
		};
		DFB364761B595FBB0014CA9B /* Release */ = {
			isa = XCBuildConfiguration;
			buildSettings = {
				BUNDLE_LOADER = "$(TEST_HOST)";
				FRAMEWORK_SEARCH_PATHS = (
					"$(SDKROOT)/Developer/Library/Frameworks",
					"$(inherited)",
				);
				INFOPLIST_FILE = wedriveTests/Info.plist;
				LD_RUNPATH_SEARCH_PATHS = "$(inherited) @executable_path/Frameworks @loader_path/Frameworks";
				PRODUCT_NAME = "$(TARGET_NAME)";
				TEST_HOST = "$(BUILT_PRODUCTS_DIR)/wedrive.app/wedrive";
			};
			name = Release;
		};
/* End XCBuildConfiguration section */

/* Begin XCConfigurationList section */
		DFB3644D1B595FBA0014CA9B /* Build configuration list for PBXProject "wedrive" */ = {
			isa = XCConfigurationList;
			buildConfigurations = (
				DFB3646F1B595FBB0014CA9B /* Debug */,
				DFB364701B595FBB0014CA9B /* Release */,
			);
			defaultConfigurationIsVisible = 0;
			defaultConfigurationName = Release;
		};
		DFB364711B595FBB0014CA9B /* Build configuration list for PBXNativeTarget "wedrive" */ = {
			isa = XCConfigurationList;
			buildConfigurations = (
				DFB364721B595FBB0014CA9B /* Debug */,
				DFB364731B595FBB0014CA9B /* Release */,
			);
			defaultConfigurationIsVisible = 0;
		};
		DFB364741B595FBB0014CA9B /* Build configuration list for PBXNativeTarget "wedriveTests" */ = {
			isa = XCConfigurationList;
			buildConfigurations = (
				DFB364751B595FBB0014CA9B /* Debug */,
				DFB364761B595FBB0014CA9B /* Release */,
			);
			defaultConfigurationIsVisible = 0;
		};
/* End XCConfigurationList section */
	};
	rootObject = DFB3644A1B595FBA0014CA9B /* Project object */;
}
